
Microsoft Visual Studio Solution File, Format Version 12.00
# Visual Studio Version 17
VisualStudioVersion = 17.5.002.0
MinimumVisualStudioVersion = 10.0.40219.1
Project("{9A19103F-16F7-4668-BE54-9A1E7A4F7556}") = "BitirmeApp", "BitirmeApp.csproj", "{E5A6EF16-678C-465F-B4AD-6CE676210E14}"
EndProject
Global
	GlobalSection(SolutionConfigurationPlatforms) = preSolution
		Debug|Any CPU = Debug|Any CPU
		Release|Any CPU = Release|Any CPU
	EndGlobalSection
	GlobalSection(ProjectConfigurationPlatforms) = postSolution
		{E5A6EF16-678C-465F-B4AD-6CE676210E14}.Debug|Any CPU.ActiveCfg = Debug|Any CPU
		{E5A6EF16-678C-465F-B4AD-6CE676210E14}.Debug|Any CPU.Build.0 = Debug|Any CPU
		{E5A6EF16-678C-465F-B4AD-6CE676210E14}.Release|Any CPU.ActiveCfg = Release|Any CPU
		{E5A6EF16-678C-465F-B4AD-6CE676210E14}.Release|Any CPU.Build.0 = Release|Any CPU
	EndGlobalSection
	GlobalSection(SolutionProperties) = preSolution
		HideSolutionNode = FALSE
	EndGlobalSection
	GlobalSection(ExtensibilityGlobals) = postSolution
		SolutionGuid = {614CFD65-04B3-4E60-BAC2-28D5BF370707}
	EndGlobalSection
EndGlobal
